
Microsoft Visual Studio Solution File, Format Version 12.00
# Visual Studio Version 16
VisualStudioVersion = 16.0.30717.126
MinimumVisualStudioVersion = 10.0.40219.1
Project("{FAE04EC0-301F-11D3-BF4B-00C04F79EFBC}") = "CryptoSoft", "CryptoSoft.csproj", "{EB408172-B17F-4917-9ACE-4F58663722E2}"
EndProject
Global
	GlobalSection(SolutionConfigurationPlatforms) = preSolution
		Debug|Any CPU = Debug|Any CPU
		Release|Any CPU = Release|Any CPU
	EndGlobalSection
	GlobalSection(ProjectConfigurationPlatforms) = postSolution
		{EB408172-B17F-4917-9ACE-4F58663722E2}.Debug|Any CPU.ActiveCfg = Debug|Any CPU
		{EB408172-B17F-4917-9ACE-4F58663722E2}.Debug|Any CPU.Build.0 = Debug|Any CPU
		{EB408172-B17F-4917-9ACE-4F58663722E2}.Release|Any CPU.ActiveCfg = Release|Any CPU
		{EB408172-B17F-4917-9ACE-4F58663722E2}.Release|Any CPU.Build.0 = Release|Any CPU
	EndGlobalSection
	GlobalSection(SolutionProperties) = preSolution
		HideSolutionNode = FALSE
	EndGlobalSection
	GlobalSection(ExtensibilityGlobals) = postSolution
		SolutionGuid = {16579592-6549-476C-9DCB-79E0E626C6F1}
	EndGlobalSection
EndGlobal
